
Microsoft Visual Studio Solution File, Format Version 12.00
# Visual Studio Version 17
VisualStudioVersion = 17.10.34607.79
MinimumVisualStudioVersion = 10.0.40219.1
Project("{888888A0-9F3D-457C-B088-3A5042F75D52}") = "sets2", "sets2.pyproj", "{B73B56E5-0412-4056-A06A-9EB4E6C10EC8}"
EndProject
Global
	GlobalSection(SolutionConfigurationPlatforms) = preSolution
		Debug|Any CPU = Debug|Any CPU
		Release|Any CPU = Release|Any CPU
	EndGlobalSection
	GlobalSection(ProjectConfigurationPlatforms) = postSolution
		{B73B56E5-0412-4056-A06A-9EB4E6C10EC8}.Debug|Any CPU.ActiveCfg = Debug|Any CPU
		{B73B56E5-0412-4056-A06A-9EB4E6C10EC8}.Release|Any CPU.ActiveCfg = Release|Any CPU
	EndGlobalSection
	GlobalSection(SolutionProperties) = preSolution
		HideSolutionNode = FALSE
	EndGlobalSection
	GlobalSection(ExtensibilityGlobals) = postSolution
		SolutionGuid = {5B2F049E-002B-4B99-A7F2-D051A4CD3AA7}
	EndGlobalSection
EndGlobal
